
Microsoft Visual Studio Solution File, Format Version 12.00
# Visual Studio Version 17
VisualStudioVersion = 17.12.35527.113
MinimumVisualStudioVersion = 10.0.40219.1
Project("{2150E333-8FDC-42A3-9474-1A3956D46DE8}") = "Services", "Services", "{93C103A0-0DF8-4A37-A83C-CDCED9ADB481}"
EndProject
Project("{2150E333-8FDC-42A3-9474-1A3956D46DE8}") = "Catalog", "Catalog", "{D3ED4430-F900-42BF-A99F-97A9AA3D3CA8}"
EndProject
Project("{FAE04EC0-301F-11D3-BF4B-00C04F79EFBC}") = "Catalog.API", "Services\Catalog\Catalog.API\Catalog.API.csproj", "{A46EF478-5A82-493F-A855-934C0A320C15}"
EndProject
Project("{2150E333-8FDC-42A3-9474-1A3956D46DE8}") = "BuildingBlocks", "BuildingBlocks", "{FB3BC851-B4CB-45FD-B962-393669846138}"
EndProject
Project("{FAE04EC0-301F-11D3-BF4B-00C04F79EFBC}") = "BuildingBlocks", "BuildingBlocks\BuildingBlocks\BuildingBlocks.csproj", "{92EB1F44-FBC8-458F-8DA1-428AA662F157}"
EndProject
Project("{E53339B2-1760-4266-BCC7-CA923CBCF16C}") = "docker-compose", "docker-compose.dcproj", "{F7CDBD0C-19D4-4716-AEBC-7D38A34C3881}"
EndProject
Project("{2150E333-8FDC-42A3-9474-1A3956D46DE8}") = "Basket", "Basket", "{EDCD93F2-3554-4A42-9B0D-A778B2A8C3F9}"
EndProject
Project("{FAE04EC0-301F-11D3-BF4B-00C04F79EFBC}") = "Basket.API", "Services\Basket\Basket.API\Basket.API.csproj", "{B54E336B-8524-436C-A447-A2652F7A2ECE}"
EndProject
Project("{2150E333-8FDC-42A3-9474-1A3956D46DE8}") = "Discount", "Discount", "{0F657D0A-9CBD-484F-B42B-5AC8F0A841C9}"
EndProject
Project("{FAE04EC0-301F-11D3-BF4B-00C04F79EFBC}") = "Discount.Grpc", "Services\Discount\Discount.Grpc\Discount.Grpc.csproj", "{D19AE85F-238D-491F-A0CE-460D7FB4086C}"
EndProject
Project("{2150E333-8FDC-42A3-9474-1A3956D46DE8}") = "Ordering", "Ordering", "{4A4502B7-4A25-47E2-A86C-120E279287D6}"
EndProject
Project("{FAE04EC0-301F-11D3-BF4B-00C04F79EFBC}") = "Ordering.API", "Services\Ordering\Ordering.API\Ordering.API.csproj", "{BC2E9648-EAA4-4818-ADA1-87B8FBD1011B}"
EndProject
Project("{FAE04EC0-301F-11D3-BF4B-00C04F79EFBC}") = "Ordering.Domain", "Services\Ordering\Ordering.Domain\Ordering.Domain.csproj", "{F6DCDCEE-AAB9-4D7A-A57E-B7848D51F28B}"
EndProject
Project("{FAE04EC0-301F-11D3-BF4B-00C04F79EFBC}") = "Ordering.Application", "Services\Ordering\Ordering.Application\Ordering.Application.csproj", "{A8C5A775-A108-402B-96AA-2E8D4AFC1E11}"
EndProject
Project("{FAE04EC0-301F-11D3-BF4B-00C04F79EFBC}") = "Ordering.Infrastructure", "Services\Ordering\Ordering.Infrastructure\Ordering.Infrastructure.csproj", "{D7231345-97EE-43F8-B03B-5FFE29760FBD}"
EndProject
Project("{FAE04EC0-301F-11D3-BF4B-00C04F79EFBC}") = "BuildingBlocks.Messaging", "BuildingBlocks\BuildingBlocks.Messaging\BuildingBlocks.Messaging.csproj", "{720AAB69-42CF-4D50-A771-04611B4F8F08}"
EndProject
Project("{2150E333-8FDC-42A3-9474-1A3956D46DE8}") = "ApiGateways", "ApiGateways", "{02EA681E-C7D8-13C7-8484-4AC65E1B71E8}"
EndProject
Project("{FAE04EC0-301F-11D3-BF4B-00C04F79EFBC}") = "YarpApiGateway", "ApiGateways\YarpApiGateway\YarpApiGateway.csproj", "{541B6BAF-779F-4F9D-94F3-E31798D92D8A}"
EndProject
Global
	GlobalSection(SolutionConfigurationPlatforms) = preSolution
		Debug|Any CPU = Debug|Any CPU
		Release|Any CPU = Release|Any CPU
	EndGlobalSection
	GlobalSection(ProjectConfigurationPlatforms) = postSolution
		{A46EF478-5A82-493F-A855-934C0A320C15}.Debug|Any CPU.ActiveCfg = Debug|Any CPU
		{A46EF478-5A82-493F-A855-934C0A320C15}.Debug|Any CPU.Build.0 = Debug|Any CPU
		{A46EF478-5A82-493F-A855-934C0A320C15}.Release|Any CPU.ActiveCfg = Release|Any CPU
		{A46EF478-5A82-493F-A855-934C0A320C15}.Release|Any CPU.Build.0 = Release|Any CPU
		{92EB1F44-FBC8-458F-8DA1-428AA662F157}.Debug|Any CPU.ActiveCfg = Debug|Any CPU
		{92EB1F44-FBC8-458F-8DA1-428AA662F157}.Debug|Any CPU.Build.0 = Debug|Any CPU
		{92EB1F44-FBC8-458F-8DA1-428AA662F157}.Release|Any CPU.ActiveCfg = Release|Any CPU
		{92EB1F44-FBC8-458F-8DA1-428AA662F157}.Release|Any CPU.Build.0 = Release|Any CPU
		{F7CDBD0C-19D4-4716-AEBC-7D38A34C3881}.Debug|Any CPU.ActiveCfg = Debug|Any CPU
		{F7CDBD0C-19D4-4716-AEBC-7D38A34C3881}.Debug|Any CPU.Build.0 = Debug|Any CPU
		{F7CDBD0C-19D4-4716-AEBC-7D38A34C3881}.Release|Any CPU.ActiveCfg = Release|Any CPU
		{F7CDBD0C-19D4-4716-AEBC-7D38A34C3881}.Release|Any CPU.Build.0 = Release|Any CPU
		{B54E336B-8524-436C-A447-A2652F7A2ECE}.Debug|Any CPU.ActiveCfg = Debug|Any CPU
		{B54E336B-8524-436C-A447-A2652F7A2ECE}.Debug|Any CPU.Build.0 = Debug|Any CPU
		{B54E336B-8524-436C-A447-A2652F7A2ECE}.Release|Any CPU.ActiveCfg = Release|Any CPU
		{B54E336B-8524-436C-A447-A2652F7A2ECE}.Release|Any CPU.Build.0 = Release|Any CPU
		{D19AE85F-238D-491F-A0CE-460D7FB4086C}.Debug|Any CPU.ActiveCfg = Debug|Any CPU
		{D19AE85F-238D-491F-A0CE-460D7FB4086C}.Debug|Any CPU.Build.0 = Debug|Any CPU
		{D19AE85F-238D-491F-A0CE-460D7FB4086C}.Release|Any CPU.ActiveCfg = Release|Any CPU
		{D19AE85F-238D-491F-A0CE-460D7FB4086C}.Release|Any CPU.Build.0 = Release|Any CPU
		{BC2E9648-EAA4-4818-ADA1-87B8FBD1011B}.Debug|Any CPU.ActiveCfg = Debug|Any CPU
		{BC2E9648-EAA4-4818-ADA1-87B8FBD1011B}.Debug|Any CPU.Build.0 = Debug|Any CPU
		{BC2E9648-EAA4-4818-ADA1-87B8FBD1011B}.Release|Any CPU.ActiveCfg = Release|Any CPU
		{BC2E9648-EAA4-4818-ADA1-87B8FBD1011B}.Release|Any CPU.Build.0 = Release|Any CPU
		{F6DCDCEE-AAB9-4D7A-A57E-B7848D51F28B}.Debug|Any CPU.ActiveCfg = Debug|Any CPU
		{F6DCDCEE-AAB9-4D7A-A57E-B7848D51F28B}.Debug|Any CPU.Build.0 = Debug|Any CPU
		{F6DCDCEE-AAB9-4D7A-A57E-B7848D51F28B}.Release|Any CPU.ActiveCfg = Release|Any CPU
		{F6DCDCEE-AAB9-4D7A-A57E-B7848D51F28B}.Release|Any CPU.Build.0 = Release|Any CPU
		{A8C5A775-A108-402B-96AA-2E8D4AFC1E11}.Debug|Any CPU.ActiveCfg = Debug|Any CPU
		{A8C5A775-A108-402B-96AA-2E8D4AFC1E11}.Debug|Any CPU.Build.0 = Debug|Any CPU
		{A8C5A775-A108-402B-96AA-2E8D4AFC1E11}.Release|Any CPU.ActiveCfg = Release|Any CPU
		{A8C5A775-A108-402B-96AA-2E8D4AFC1E11}.Release|Any CPU.Build.0 = Release|Any CPU
		{D7231345-97EE-43F8-B03B-5FFE29760FBD}.Debug|Any CPU.ActiveCfg = Debug|Any CPU
		{D7231345-97EE-43F8-B03B-5FFE29760FBD}.Debug|Any CPU.Build.0 = Debug|Any CPU
		{D7231345-97EE-43F8-B03B-5FFE29760FBD}.Release|Any CPU.ActiveCfg = Release|Any CPU
		{D7231345-97EE-43F8-B03B-5FFE29760FBD}.Release|Any CPU.Build.0 = Release|Any CPU
		{720AAB69-42CF-4D50-A771-04611B4F8F08}.Debug|Any CPU.ActiveCfg = Debug|Any CPU
		{720AAB69-42CF-4D50-A771-04611B4F8F08}.Debug|Any CPU.Build.0 = Debug|Any CPU
		{720AAB69-42CF-4D50-A771-04611B4F8F08}.Release|Any CPU.ActiveCfg = Release|Any CPU
		{720AAB69-42CF-4D50-A771-04611B4F8F08}.Release|Any CPU.Build.0 = Release|Any CPU
		{541B6BAF-779F-4F9D-94F3-E31798D92D8A}.Debug|Any CPU.ActiveCfg = Debug|Any CPU
		{541B6BAF-779F-4F9D-94F3-E31798D92D8A}.Debug|Any CPU.Build.0 = Debug|Any CPU
		{541B6BAF-779F-4F9D-94F3-E31798D92D8A}.Release|Any CPU.ActiveCfg = Release|Any CPU
		{541B6BAF-779F-4F9D-94F3-E31798D92D8A}.Release|Any CPU.Build.0 = Release|Any CPU
	EndGlobalSection
	GlobalSection(SolutionProperties) = preSolution
		HideSolutionNode = FALSE
	EndGlobalSection
	GlobalSection(NestedProjects) = preSolution
		{D3ED4430-F900-42BF-A99F-97A9AA3D3CA8} = {93C103A0-0DF8-4A37-A83C-CDCED9ADB481}
		{A46EF478-5A82-493F-A855-934C0A320C15} = {D3ED4430-F900-42BF-A99F-97A9AA3D3CA8}
		{92EB1F44-FBC8-458F-8DA1-428AA662F157} = {FB3BC851-B4CB-45FD-B962-393669846138}
		{EDCD93F2-3554-4A42-9B0D-A778B2A8C3F9} = {93C103A0-0DF8-4A37-A83C-CDCED9ADB481}
		{B54E336B-8524-436C-A447-A2652F7A2ECE} = {EDCD93F2-3554-4A42-9B0D-A778B2A8C3F9}
		{0F657D0A-9CBD-484F-B42B-5AC8F0A841C9} = {93C103A0-0DF8-4A37-A83C-CDCED9ADB481}
		{D19AE85F-238D-491F-A0CE-460D7FB4086C} = {0F657D0A-9CBD-484F-B42B-5AC8F0A841C9}
		{4A4502B7-4A25-47E2-A86C-120E279287D6} = {93C103A0-0DF8-4A37-A83C-CDCED9ADB481}
		{BC2E9648-EAA4-4818-ADA1-87B8FBD1011B} = {4A4502B7-4A25-47E2-A86C-120E279287D6}
		{F6DCDCEE-AAB9-4D7A-A57E-B7848D51F28B} = {4A4502B7-4A25-47E2-A86C-120E279287D6}
		{A8C5A775-A108-402B-96AA-2E8D4AFC1E11} = {4A4502B7-4A25-47E2-A86C-120E279287D6}
		{D7231345-97EE-43F8-B03B-5FFE29760FBD} = {4A4502B7-4A25-47E2-A86C-120E279287D6}
		{720AAB69-42CF-4D50-A771-04611B4F8F08} = {FB3BC851-B4CB-45FD-B962-393669846138}
		{541B6BAF-779F-4F9D-94F3-E31798D92D8A} = {02EA681E-C7D8-13C7-8484-4AC65E1B71E8}
	EndGlobalSection
	GlobalSection(ExtensibilityGlobals) = postSolution
		SolutionGuid = {6DE48AF8-5215-4A96-975A-EADD4555870D}
	EndGlobalSection
EndGlobal
